Microsoft Visual Studio Solution File, Format Version 12.00
# Visual Studio Version 17
VisualStudioVersion = 17.5.2.0
MinimumVisualStudioVersion = 10.0.40219.1
Project("{FAE04EC0-301F-11D3-BF4B-00C04F79EFBC}") = "MangagerBuyProduct", "MangagerBuyProduct.csproj", "{557A5610-E492-876E-6335-48470796BC7D}"
EndProject
Global
	GlobalSection(SolutionConfigurationPlatforms) = preSolution
		Debug|Any CPU = Debug|Any CPU
		Release|Any CPU = Release|Any CPU
	EndGlobalSection
	GlobalSection(ProjectConfigurationPlatforms) = postSolution
		{557A5610-E492-876E-6335-48470796BC7D}.Debug|Any CPU.ActiveCfg = Debug|Any CPU
		{557A5610-E492-876E-6335-48470796BC7D}.Debug|Any CPU.Build.0 = Debug|Any CPU
		{557A5610-E492-876E-6335-48470796BC7D}.Release|Any CPU.ActiveCfg = Release|Any CPU
		{557A5610-E492-876E-6335-48470796BC7D}.Release|Any CPU.Build.0 = Release|Any CPU
	EndGlobalSection
	GlobalSection(SolutionProperties) = preSolution
		HideSolutionNode = FALSE
	EndGlobalSection
	GlobalSection(ExtensibilityGlobals) = postSolution
		SolutionGuid = {6C96A94C-F311-4C50-8169-0448CF95F791}
	EndGlobalSection
EndGlobal
